{
  "name": "interval-metronome",
  "lockfileVersion": 3,
  "requires": true,
  "packages": {
    "": {
      "name": "interval-metronome",
      "dependencies": {
        "@dreamusichef/core": "1.0.1"
      }
    },
    "node_modules/@dreamusichef/core": {
      "version": "1.0.1",
      "resolved": "https://npm.pkg.github.com/download/@dreamusichef/core/1.0.1/d288a57a98ee07b2fbafaf205722ce480c088097",
      "integrity": "sha512-WCInFsq0sLd07cwpYuYcJA4Y7htKlLZfFqCTlMUhlidwmN0uHnZx0GH3svaf8XvPd+YMiivoVehlm5oyIFMj4A==",
      "license": "UNLICENSED"
    }
  }
}
