{
  "name": "interval-metronome",
  "lockfileVersion": 3,
  "requires": true,
  "packages": {
    "": {
      "name": "interval-metronome",
      "dependencies": {
        "@dreamusichef/core": "1.0.0"
      }
    },
    "node_modules/@dreamusichef/core": {
      "version": "1.0.0",
      "resolved": "https://npm.pkg.github.com/download/@dreamusichef/core/1.0.0/880f4867c2311dc8ae81da8bf13448706ccd23a9",
      "integrity": "sha512-flCVi//NLHtJIOspRpqTCXjZsEd5koUkYymx0fyounGQmhZX8Vo6V7zvzuIUzSWvLlcxyF2pnpdc3fbKhihEtg==",
      "license": "UNLICENSED"
    }
  }
}
